
Microsoft Visual Studio Solution File, Format Version 12.00
Project("{F2A71F9B-5D33-465A-A702-920D77279786}") = "Stikl.Domain", "Stikl.Domain\Stikl.Domain.fsproj", "{405C4A26-7C38-4E15-B65C-88343D062621}"
EndProject
Project("{F2A71F9B-5D33-465A-A702-920D77279786}") = "Stikl.Domain.Test", "Stikl.Domain.Test\Stikl.Domain.Test.fsproj", "{CC1601F1-7903-4F26-93B9-E91A06422901}"
EndProject
Project("{F2A71F9B-5D33-465A-A702-920D77279786}") = "Stikl.Web", "Stikl.Web\Stikl.Web.fsproj", "{5FF4AA2E-9D09-4F78-9FA7-DA7EC9EA2DEF}"
EndProject
Global
	GlobalSection(SolutionConfigurationPlatforms) = preSolution
		Debug|Any CPU = Debug|Any CPU
		Release|Any CPU = Release|Any CPU
	EndGlobalSection
	GlobalSection(ProjectConfigurationPlatforms) = postSolution
		{405C4A26-7C38-4E15-B65C-88343D062621}.Debug|Any CPU.ActiveCfg = Debug|Any CPU
		{405C4A26-7C38-4E15-B65C-88343D062621}.Debug|Any CPU.Build.0 = Debug|Any CPU
		{405C4A26-7C38-4E15-B65C-88343D062621}.Release|Any CPU.ActiveCfg = Release|Any CPU
		{405C4A26-7C38-4E15-B65C-88343D062621}.Release|Any CPU.Build.0 = Release|Any CPU
		{CC1601F1-7903-4F26-93B9-E91A06422901}.Debug|Any CPU.ActiveCfg = Debug|Any CPU
		{CC1601F1-7903-4F26-93B9-E91A06422901}.Debug|Any CPU.Build.0 = Debug|Any CPU
		{CC1601F1-7903-4F26-93B9-E91A06422901}.Release|Any CPU.ActiveCfg = Release|Any CPU
		{CC1601F1-7903-4F26-93B9-E91A06422901}.Release|Any CPU.Build.0 = Release|Any CPU
		{5FF4AA2E-9D09-4F78-9FA7-DA7EC9EA2DEF}.Debug|Any CPU.ActiveCfg = Debug|Any CPU
		{5FF4AA2E-9D09-4F78-9FA7-DA7EC9EA2DEF}.Debug|Any CPU.Build.0 = Debug|Any CPU
		{5FF4AA2E-9D09-4F78-9FA7-DA7EC9EA2DEF}.Release|Any CPU.ActiveCfg = Release|Any CPU
		{5FF4AA2E-9D09-4F78-9FA7-DA7EC9EA2DEF}.Release|Any CPU.Build.0 = Release|Any CPU
	EndGlobalSection
EndGlobal
